// !$*UTF8*$!
{
	archiveVersion = 1;
	classes = {
	};
	objectVersion = 55;
	objects = {

/* Begin PBXBuildFile section */
		5C0C12BF2782608D005B36F9 /* UserService.swift in Sources */ = {isa = PBXBuildFile; fileRef = 5C0C12BE2782608D005B36F9 /* UserService.swift */; };
		5C0C12C127826B83005B36F9 /* User.swift in Sources */ = {isa = PBXBuildFile; fileRef = 5C0C12C027826B83005B36F9 /* User.swift */; };
		5C0C12C32783A0B4005B36F9 /* UploadTweetController.swift in Sources */ = {isa = PBXBuildFile; fileRef = 5C0C12C22783A0B4005B36F9 /* UploadTweetController.swift */; };
		5C0C12C52783CA26005B36F9 /* CaptionTextView.swift in Sources */ = {isa = PBXBuildFile; fileRef = 5C0C12C42783CA26005B36F9 /* CaptionTextView.swift */; };
		5C0C12C72783D00A005B36F9 /* TweetService.swift in Sources */ = {isa = PBXBuildFile; fileRef = 5C0C12C62783D00A005B36F9 /* TweetService.swift */; };
		5C0C12C92784D051005B36F9 /* Tweet.swift in Sources */ = {isa = PBXBuildFile; fileRef = 5C0C12C82784D051005B36F9 /* Tweet.swift */; };
		5C0C12CB2784E3A1005B36F9 /* TweetCell.swift in Sources */ = {isa = PBXBuildFile; fileRef = 5C0C12CA2784E3A1005B36F9 /* TweetCell.swift */; };
		5C0C12CD27852022005B36F9 /* TweetViewModel.swift in Sources */ = {isa = PBXBuildFile; fileRef = 5C0C12CC27852022005B36F9 /* TweetViewModel.swift */; };
		5C0C12CF27875DB0005B36F9 /* ProfileController.swift in Sources */ = {isa = PBXBuildFile; fileRef = 5C0C12CE27875DB0005B36F9 /* ProfileController.swift */; };
		5C0C12D1278766EB005B36F9 /* ProfileHeader.swift in Sources */ = {isa = PBXBuildFile; fileRef = 5C0C12D0278766EB005B36F9 /* ProfileHeader.swift */; };
		5CB1CCE62771357A00362714 /* AppDelegate.swift in Sources */ = {isa = PBXBuildFile; fileRef = 5CB1CCE52771357A00362714 /* AppDelegate.swift */; };
		5CB1CCE82771357A00362714 /* SceneDelegate.swift in Sources */ = {isa = PBXBuildFile; fileRef = 5CB1CCE72771357A00362714 /* SceneDelegate.swift */; };
		5CB1CCEF2771357E00362714 /* Assets.xcassets in Resources */ = {isa = PBXBuildFile; fileRef = 5CB1CCEE2771357E00362714 /* Assets.xcassets */; };
		5CB1CCF22771357E00362714 /* LaunchScreen.storyboard in Resources */ = {isa = PBXBuildFile; fileRef = 5CB1CCF02771357E00362714 /* LaunchScreen.storyboard */; };
		5CB1CD002771373E00362714 /* MainTabController.swift in Sources */ = {isa = PBXBuildFile; fileRef = 5CB1CCFF2771373E00362714 /* MainTabController.swift */; };
		5CB1CD02277139BE00362714 /* FeedController.swift in Sources */ = {isa = PBXBuildFile; fileRef = 5CB1CD01277139BE00362714 /* FeedController.swift */; };
		5CB1CD0427713A0B00362714 /* ExploreController.swift in Sources */ = {isa = PBXBuildFile; fileRef = 5CB1CD0327713A0B00362714 /* ExploreController.swift */; };
		5CB1CD0627713A3100362714 /* NotificationsController.swift in Sources */ = {isa = PBXBuildFile; fileRef = 5CB1CD0527713A3100362714 /* NotificationsController.swift */; };
		5CB1CD0827713A6300362714 /* ConversationsController.swift in Sources */ = {isa = PBXBuildFile; fileRef = 5CB1CD0727713A6300362714 /* ConversationsController.swift */; };
		5CB1CD0A27715C6E00362714 /* Extensions.swift in Sources */ = {isa = PBXBuildFile; fileRef = 5CB1CD0927715C6E00362714 /* Extensions.swift */; };
		5CB1CD0D2775320900362714 /* LoginController.swift in Sources */ = {isa = PBXBuildFile; fileRef = 5CB1CD0C2775320900362714 /* LoginController.swift */; };
		5CB1CD0F277532B500362714 /* RegistrationController.swift in Sources */ = {isa = PBXBuildFile; fileRef = 5CB1CD0E277532B500362714 /* RegistrationController.swift */; };
		5CB1CD1127754D5300362714 /* Utilities.swift in Sources */ = {isa = PBXBuildFile; fileRef = 5CB1CD1027754D5300362714 /* Utilities.swift */; };
		5CB1CD172778D60700362714 /* GoogleService-Info.plist in Resources */ = {isa = PBXBuildFile; fileRef = 5CB1CD162778D60700362714 /* GoogleService-Info.plist */; };
		5CB1CD1927794BA900362714 /* Constants.swift in Sources */ = {isa = PBXBuildFile; fileRef = 5CB1CD1827794BA900362714 /* Constants.swift */; };
		5CB1CD1B277A52BF00362714 /* AuthService.swift in Sources */ = {isa = PBXBuildFile; fileRef = 5CB1CD1A277A52BF00362714 /* AuthService.swift */; };
		5CD8E82627879BC000BDE7C1 /* ProfileFilterView.swift in Sources */ = {isa = PBXBuildFile; fileRef = 5CD8E82527879BC000BDE7C1 /* ProfileFilterView.swift */; };
		5CD8E8282787A6B800BDE7C1 /* ProfileFilterCell.swift in Sources */ = {isa = PBXBuildFile; fileRef = 5CD8E8272787A6B800BDE7C1 /* ProfileFilterCell.swift */; };
		5CD8E82A2787C20F00BDE7C1 /* ProfileHeaderViewModel.swift in Sources */ = {isa = PBXBuildFile; fileRef = 5CD8E8292787C20F00BDE7C1 /* ProfileHeaderViewModel.swift */; };
		E3DE267D2B1AA7F07FD0E31B /* Pods_TwitterClone.framework in Frameworks */ = {isa = PBXBuildFile; fileRef = C4C18CB3CC3A93D80445891F /* Pods_TwitterClone.framework */; };
/* End PBXBuildFile section */

/* Begin PBXFileReference section */
		5C0C12BE2782608D005B36F9 /* UserService.swift */ = {isa = PBXFileReference; lastKnownFileType = sourcecode.swift; path = UserService.swift; sourceTree = "<group>"; };
		5C0C12C027826B83005B36F9 /* User.swift */ = {isa = PBXFileReference; lastKnownFileType = sourcecode.swift; path = User.swift; sourceTree = "<group>"; };
		5C0C12C22783A0B4005B36F9 /* UploadTweetController.swift */ = {isa = PBXFileReference; lastKnownFileType = sourcecode.swift; path = UploadTweetController.swift; sourceTree = "<group>"; };
		5C0C12C42783CA26005B36F9 /* CaptionTextView.swift */ = {isa = PBXFileReference; lastKnownFileType = sourcecode.swift; path = CaptionTextView.swift; sourceTree = "<group>"; };
		5C0C12C62783D00A005B36F9 /* TweetService.swift */ = {isa = PBXFileReference; lastKnownFileType = sourcecode.swift; path = TweetService.swift; sourceTree = "<group>"; };
		5C0C12C82784D051005B36F9 /* Tweet.swift */ = {isa = PBXFileReference; lastKnownFileType = sourcecode.swift; path = Tweet.swift; sourceTree = "<group>"; };
		5C0C12CA2784E3A1005B36F9 /* TweetCell.swift */ = {isa = PBXFileReference; lastKnownFileType = sourcecode.swift; path = TweetCell.swift; sourceTree = "<group>"; };
		5C0C12CC27852022005B36F9 /* TweetViewModel.swift */ = {isa = PBXFileReference; lastKnownFileType = sourcecode.swift; path = TweetViewModel.swift; sourceTree = "<group>"; };
		5C0C12CE27875DB0005B36F9 /* ProfileController.swift */ = {isa = PBXFileReference; lastKnownFileType = sourcecode.swift; path = ProfileController.swift; sourceTree = "<group>"; };
		5C0C12D0278766EB005B36F9 /* ProfileHeader.swift */ = {isa = PBXFileReference; lastKnownFileType = sourcecode.swift; path = ProfileHeader.swift; sourceTree = "<group>"; };
		5CB1CCE22771357A00362714 /* TwitterClone.app */ = {isa = PBXFileReference; explicitFileType = wrapper.application; includeInIndex = 0; path = TwitterClone.app; sourceTree = BUILT_PRODUCTS_DIR; };
		5CB1CCE52771357A00362714 /* AppDelegate.swift */ = {isa = PBXFileReference; lastKnownFileType = sourcecode.swift; path = AppDelegate.swift; sourceTree = "<group>"; };
		5CB1CCE72771357A00362714 /* SceneDelegate.swift */ = {isa = PBXFileReference; lastKnownFileType = sourcecode.swift; path = SceneDelegate.swift; sourceTree = "<group>"; };
		5CB1CCEE2771357E00362714 /* Assets.xcassets */ = {isa = PBXFileReference; lastKnownFileType = folder.assetcatalog; path = Assets.xcassets; sourceTree = "<group>"; };
		5CB1CCF12771357E00362714 /* Base */ = {isa = PBXFileReference; lastKnownFileType = file.storyboard; name = Base; path = Base.lproj/LaunchScreen.storyboard; sourceTree = "<group>"; };
		5CB1CCF32771357E00362714 /* Info.plist */ = {isa = PBXFileReference; lastKnownFileType = text.plist.xml; path = Info.plist; sourceTree = "<group>"; };
		5CB1CCFF2771373E00362714 /* MainTabController.swift */ = {isa = PBXFileReference; lastKnownFileType = sourcecode.swift; path = MainTabController.swift; sourceTree = "<group>"; };
		5CB1CD01277139BE00362714 /* FeedController.swift */ = {isa = PBXFileReference; lastKnownFileType = sourcecode.swift; path = FeedController.swift; sourceTree = "<group>"; };
		5CB1CD0327713A0B00362714 /* ExploreController.swift */ = {isa = PBXFileReference; lastKnownFileType = sourcecode.swift; path = ExploreController.swift; sourceTree = "<group>"; };
		5CB1CD0527713A3100362714 /* NotificationsController.swift */ = {isa = PBXFileReference; lastKnownFileType = sourcecode.swift; path = NotificationsController.swift; sourceTree = "<group>"; };
		5CB1CD0727713A6300362714 /* ConversationsController.swift */ = {isa = PBXFileReference; lastKnownFileType = sourcecode.swift; path = ConversationsController.swift; sourceTree = "<group>"; };
		5CB1CD0927715C6E00362714 /* Extensions.swift */ = {isa = PBXFileReference; lastKnownFileType = sourcecode.swift; path = Extensions.swift; sourceTree = "<group>"; };
		5CB1CD0C2775320900362714 /* LoginController.swift */ = {isa = PBXFileReference; lastKnownFileType = sourcecode.swift; path = LoginController.swift; sourceTree = "<group>"; };
		5CB1CD0E277532B500362714 /* RegistrationController.swift */ = {isa = PBXFileReference; lastKnownFileType = sourcecode.swift; path = RegistrationController.swift; sourceTree = "<group>"; };
		5CB1CD1027754D5300362714 /* Utilities.swift */ = {isa = PBXFileReference; lastKnownFileType = sourcecode.swift; path = Utilities.swift; sourceTree = "<group>"; };
		5CB1CD162778D60700362714 /* GoogleService-Info.plist */ = {isa = PBXFileReference; fileEncoding = 4; lastKnownFileType = text.plist.xml; path = "GoogleService-Info.plist"; sourceTree = "<group>"; };
		5CB1CD1827794BA900362714 /* Constants.swift */ = {isa = PBXFileReference; lastKnownFileType = sourcecode.swift; path = Constants.swift; sourceTree = "<group>"; };
		5CB1CD1A277A52BF00362714 /* AuthService.swift */ = {isa = PBXFileReference; lastKnownFileType = sourcecode.swift; path = AuthService.swift; sourceTree = "<group>"; };
		5CD8E82527879BC000BDE7C1 /* ProfileFilterView.swift */ = {isa = PBXFileReference; lastKnownFileType = sourcecode.swift; path = ProfileFilterView.swift; sourceTree = "<group>"; };
		5CD8E8272787A6B800BDE7C1 /* ProfileFilterCell.swift */ = {isa = PBXFileReference; lastKnownFileType = sourcecode.swift; path = ProfileFilterCell.swift; sourceTree = "<group>"; };
		5CD8E8292787C20F00BDE7C1 /* ProfileHeaderViewModel.swift */ = {isa = PBXFileReference; lastKnownFileType = sourcecode.swift; path = ProfileHeaderViewModel.swift; sourceTree = "<group>"; };
		C4C18CB3CC3A93D80445891F /* Pods_TwitterClone.framework */ = {isa = PBXFileReference; explicitFileType = wrapper.framework; includeInIndex = 0; path = Pods_TwitterClone.framework; sourceTree = BUILT_PRODUCTS_DIR; };
		E6E40C99DC562A4BAA4ED15D /* Pods-TwitterClone.debug.xcconfig */ = {isa = PBXFileReference; includeInIndex = 1; lastKnownFileType = text.xcconfig; name = "Pods-TwitterClone.debug.xcconfig"; path = "Target Support Files/Pods-TwitterClone/Pods-TwitterClone.debug.xcconfig"; sourceTree = "<group>"; };
		EF4298400E5FAC8065BE8AC7 /* Pods-TwitterClone.release.xcconfig */ = {isa = PBXFileReference; includeInIndex = 1; lastKnownFileType = text.xcconfig; name = "Pods-TwitterClone.release.xcconfig"; path = "Target Support Files/Pods-TwitterClone/Pods-TwitterClone.release.xcconfig"; sourceTree = "<group>"; };
/* End PBXFileReference section */

/* Begin PBXFrameworksBuildPhase section */
		5CB1CCDF2771357A00362714 /* Frameworks */ = {
			isa = PBXFrameworksBuildPhase;
			buildActionMask = 2147483647;
			files = (
				E3DE267D2B1AA7F07FD0E31B /* Pods_TwitterClone.framework in Frameworks */,
			);
			runOnlyForDeploymentPostprocessing = 0;
		};
/* End PBXFrameworksBuildPhase section */

/* Begin PBXGroup section */
		3F59E51775E6A5480F20357D /* Pods */ = {
			isa = PBXGroup;
			children = (
				E6E40C99DC562A4BAA4ED15D /* Pods-TwitterClone.debug.xcconfig */,
				EF4298400E5FAC8065BE8AC7 /* Pods-TwitterClone.release.xcconfig */,
			);
			path = Pods;
			sourceTree = "<group>";
		};
		5CB1CCD92771357A00362714 = {
			isa = PBXGroup;
			children = (
				5CB1CCE42771357A00362714 /* TwitterClone */,
				5CB1CCE32771357A00362714 /* Products */,
				3F59E51775E6A5480F20357D /* Pods */,
				7662B7E0CA40AB8513E68FFE /* Frameworks */,
			);
			sourceTree = "<group>";
		};
		5CB1CCE32771357A00362714 /* Products */ = {
			isa = PBXGroup;
			children = (
				5CB1CCE22771357A00362714 /* TwitterClone.app */,
			);
			name = Products;
			sourceTree = "<group>";
		};
		5CB1CCE42771357A00362714 /* TwitterClone */ = {
			isa = PBXGroup;
			children = (
				5CB1CCFD2771369400362714 /* API */,
				5CB1CCF92771364700362714 /* Model */,
				5CB1CCFA2771364D00362714 /* View */,
				5CB1CCFB2771365F00362714 /* ViewModel */,
				5CB1CCFC2771368200362714 /* Controller */,
				5CB1CCFE2771369B00362714 /* Utils */,
				5CB1CCE52771357A00362714 /* AppDelegate.swift */,
				5CB1CCE72771357A00362714 /* SceneDelegate.swift */,
				5CB1CCEE2771357E00362714 /* Assets.xcassets */,
				5CB1CCF02771357E00362714 /* LaunchScreen.storyboard */,
				5CB1CD162778D60700362714 /* GoogleService-Info.plist */,
				5CB1CCF32771357E00362714 /* Info.plist */,
			);
			path = TwitterClone;
			sourceTree = "<group>";
		};
		5CB1CCF92771364700362714 /* Model */ = {
			isa = PBXGroup;
			children = (
				5C0C12C027826B83005B36F9 /* User.swift */,
				5C0C12C82784D051005B36F9 /* Tweet.swift */,
			);
			path = Model;
			sourceTree = "<group>";
		};
		5CB1CCFA2771364D00362714 /* View */ = {
			isa = PBXGroup;
			children = (
				5C0C12C42783CA26005B36F9 /* CaptionTextView.swift */,
				5C0C12CA2784E3A1005B36F9 /* TweetCell.swift */,
				5C0C12D0278766EB005B36F9 /* ProfileHeader.swift */,
				5CD8E82527879BC000BDE7C1 /* ProfileFilterView.swift */,
				5CD8E8272787A6B800BDE7C1 /* ProfileFilterCell.swift */,
			);
			path = View;
			sourceTree = "<group>";
		};
		5CB1CCFB2771365F00362714 /* ViewModel */ = {
			isa = PBXGroup;
			children = (
				5C0C12CC27852022005B36F9 /* TweetViewModel.swift */,
				5CD8E8292787C20F00BDE7C1 /* ProfileHeaderViewModel.swift */,
			);
			path = ViewModel;
			sourceTree = "<group>";
		};
		5CB1CCFC2771368200362714 /* Controller */ = {
			isa = PBXGroup;
			children = (
				5CB1CD0B277531D800362714 /* Authentication */,
				5CB1CCFF2771373E00362714 /* MainTabController.swift */,
				5CB1CD01277139BE00362714 /* FeedController.swift */,
				5CB1CD0327713A0B00362714 /* ExploreController.swift */,
				5CB1CD0527713A3100362714 /* NotificationsController.swift */,
				5CB1CD0727713A6300362714 /* ConversationsController.swift */,
				5C0C12C22783A0B4005B36F9 /* UploadTweetController.swift */,
				5C0C12CE27875DB0005B36F9 /* ProfileController.swift */,
			);
			path = Controller;
			sourceTree = "<group>";
		};
		5CB1CCFD2771369400362714 /* API */ = {
			isa = PBXGroup;
			children = (
				5CB1CD1A277A52BF00362714 /* AuthService.swift */,
				5C0C12BE2782608D005B36F9 /* UserService.swift */,
				5C0C12C62783D00A005B36F9 /* TweetService.swift */,
			);
			path = API;
			sourceTree = "<group>";
		};
		5CB1CCFE2771369B00362714 /* Utils */ = {
			isa = PBXGroup;
			children = (
				5CB1CD0927715C6E00362714 /* Extensions.swift */,
				5CB1CD1027754D5300362714 /* Utilities.swift */,
				5CB1CD1827794BA900362714 /* Constants.swift */,
			);
			path = Utils;
			sourceTree = "<group>";
		};
		5CB1CD0B277531D800362714 /* Authentication */ = {
			isa = PBXGroup;
			children = (
				5CB1CD0C2775320900362714 /* LoginController.swift */,
				5CB1CD0E277532B500362714 /* RegistrationController.swift */,
			);
			path = Authentication;
			sourceTree = "<group>";
		};
		7662B7E0CA40AB8513E68FFE /* Frameworks */ = {
			isa = PBXGroup;
			children = (
				C4C18CB3CC3A93D80445891F /* Pods_TwitterClone.framework */,
			);
			name = Frameworks;
			sourceTree = "<group>";
		};
/* End PBXGroup section */

/* Begin PBXNativeTarget section */
		5CB1CCE12771357A00362714 /* TwitterClone */ = {
			isa = PBXNativeTarget;
			buildConfigurationList = 5CB1CCF62771357E00362714 /* Build configuration list for PBXNativeTarget "TwitterClone" */;
			buildPhases = (
				03756E2C578CEDC7352B9BB1 /* [CP] Check Pods Manifest.lock */,
				5CB1CCDE2771357A00362714 /* Sources */,
				5CB1CCDF2771357A00362714 /* Frameworks */,
				5CB1CCE02771357A00362714 /* Resources */,
				E1433B66A7F6739397DCBB38 /* [CP] Embed Pods Frameworks */,
			);
			buildRules = (
			);
			dependencies = (
			);
			name = TwitterClone;
			productName = TwitterClone;
			productReference = 5CB1CCE22771357A00362714 /* TwitterClone.app */;
			productType = "com.apple.product-type.application";
		};
/* End PBXNativeTarget section */

/* Begin PBXProject section */
		5CB1CCDA2771357A00362714 /* Project object */ = {
			isa = PBXProject;
			attributes = {
				BuildIndependentTargetsInParallel = 1;
				LastSwiftUpdateCheck = 1310;
				LastUpgradeCheck = 1310;
				TargetAttributes = {
					5CB1CCE12771357A00362714 = {
						CreatedOnToolsVersion = 13.1;
					};
				};
			};
			buildConfigurationList = 5CB1CCDD2771357A00362714 /* Build configuration list for PBXProject "TwitterClone" */;
			compatibilityVersion = "Xcode 13.0";
			developmentRegion = en;
			hasScannedForEncodings = 0;
			knownRegions = (
				en,
				Base,
			);
			mainGroup = 5CB1CCD92771357A00362714;
			productRefGroup = 5CB1CCE32771357A00362714 /* Products */;
			projectDirPath = "";
			projectRoot = "";
			targets = (
				5CB1CCE12771357A00362714 /* TwitterClone */,
			);
		};
/* End PBXProject section */

/* Begin PBXResourcesBuildPhase section */
		5CB1CCE02771357A00362714 /* Resources */ = {
			isa = PBXResourcesBuildPhase;
			buildActionMask = 2147483647;
			files = (
				5CB1CCF22771357E00362714 /* LaunchScreen.storyboard in Resources */,
				5CB1CCEF2771357E00362714 /* Assets.xcassets in Resources */,
				5CB1CD172778D60700362714 /* GoogleService-Info.plist in Resources */,
			);
			runOnlyForDeploymentPostprocessing = 0;
		};
/* End PBXResourcesBuildPhase section */

/* Begin PBXShellScriptBuildPhase section */
		03756E2C578CEDC7352B9BB1 /* [CP] Check Pods Manifest.lock */ = {
			isa = PBXShellScriptBuildPhase;
			buildActionMask = 2147483647;
			files = (
			);
			inputFileListPaths = (
			);
			inputPaths = (
				"${PODS_PODFILE_DIR_PATH}/Podfile.lock",
				"${PODS_ROOT}/Manifest.lock",
			);
			name = "[CP] Check Pods Manifest.lock";
			outputFileListPaths = (
			);
			outputPaths = (
				"$(DERIVED_FILE_DIR)/Pods-TwitterClone-checkManifestLockResult.txt",
			);
			runOnlyForDeploymentPostprocessing = 0;
			shellPath = /bin/sh;
			shellScript = "diff \"${PODS_PODFILE_DIR_PATH}/Podfile.lock\" \"${PODS_ROOT}/Manifest.lock\" > /dev/null\nif [ $? != 0 ] ; then\n    # print error to STDERR\n    echo \"error: The sandbox is not in sync with the Podfile.lock. Run 'pod install' or update your CocoaPods installation.\" >&2\n    exit 1\nfi\n# This output is used by Xcode 'outputs' to avoid re-running this script phase.\necho \"SUCCESS\" > \"${SCRIPT_OUTPUT_FILE_0}\"\n";
			showEnvVarsInLog = 0;
		};
		E1433B66A7F6739397DCBB38 /* [CP] Embed Pods Frameworks */ = {
			isa = PBXShellScriptBuildPhase;
			buildActionMask = 2147483647;
			files = (
			);
			inputFileListPaths = (
				"${PODS_ROOT}/Target Support Files/Pods-TwitterClone/Pods-TwitterClone-frameworks-${CONFIGURATION}-input-files.xcfilelist",
			);
			name = "[CP] Embed Pods Frameworks";
			outputFileListPaths = (
				"${PODS_ROOT}/Target Support Files/Pods-TwitterClone/Pods-TwitterClone-frameworks-${CONFIGURATION}-output-files.xcfilelist",
			);
			runOnlyForDeploymentPostprocessing = 0;
			shellPath = /bin/sh;
			shellScript = "\"${PODS_ROOT}/Target Support Files/Pods-TwitterClone/Pods-TwitterClone-frameworks.sh\"\n";
			showEnvVarsInLog = 0;
		};
/* End PBXShellScriptBuildPhase section */

/* Begin PBXSourcesBuildPhase section */
		5CB1CCDE2771357A00362714 /* Sources */ = {
			isa = PBXSourcesBuildPhase;
			buildActionMask = 2147483647;
			files = (
				5C0C12BF2782608D005B36F9 /* UserService.swift in Sources */,
				5CB1CCE62771357A00362714 /* AppDelegate.swift in Sources */,
				5C0C12C52783CA26005B36F9 /* CaptionTextView.swift in Sources */,
				5CD8E8282787A6B800BDE7C1 /* ProfileFilterCell.swift in Sources */,
				5CB1CD0827713A6300362714 /* ConversationsController.swift in Sources */,
				5CB1CD1127754D5300362714 /* Utilities.swift in Sources */,
				5CB1CD02277139BE00362714 /* FeedController.swift in Sources */,
				5CB1CD0A27715C6E00362714 /* Extensions.swift in Sources */,
				5C0C12CF27875DB0005B36F9 /* ProfileController.swift in Sources */,
				5C0C12D1278766EB005B36F9 /* ProfileHeader.swift in Sources */,
				5C0C12CB2784E3A1005B36F9 /* TweetCell.swift in Sources */,
				5CB1CD0D2775320900362714 /* LoginController.swift in Sources */,
				5CB1CD1B277A52BF00362714 /* AuthService.swift in Sources */,
				5CD8E82A2787C20F00BDE7C1 /* ProfileHeaderViewModel.swift in Sources */,
				5C0C12C32783A0B4005B36F9 /* UploadTweetController.swift in Sources */,
				5C0C12C127826B83005B36F9 /* User.swift in Sources */,
				5CB1CD002771373E00362714 /* MainTabController.swift in Sources */,
				5CB1CD0627713A3100362714 /* NotificationsController.swift in Sources */,
				5CB1CCE82771357A00362714 /* SceneDelegate.swift in Sources */,
				5C0C12CD27852022005B36F9 /* TweetViewModel.swift in Sources */,
				5CB1CD0F277532B500362714 /* RegistrationController.swift in Sources */,
				5CB1CD0427713A0B00362714 /* ExploreController.swift in Sources */,
				5CD8E82627879BC000BDE7C1 /* ProfileFilterView.swift in Sources */,
				5CB1CD1927794BA900362714 /* Constants.swift in Sources */,
				5C0C12C92784D051005B36F9 /* Tweet.swift in Sources */,
				5C0C12C72783D00A005B36F9 /* TweetService.swift in Sources */,
			);
			runOnlyForDeploymentPostprocessing = 0;
		};
/* End PBXSourcesBuildPhase section */

/* Begin PBXVariantGroup section */
		5CB1CCF02771357E00362714 /* LaunchScreen.storyboard */ = {
			isa = PBXVariantGroup;
			children = (
				5CB1CCF12771357E00362714 /* Base */,
			);
			name = LaunchScreen.storyboard;
			sourceTree = "<group>";
		};
/* End PBXVariantGroup section */

/* Begin XCBuildConfiguration section */
		5CB1CCF42771357E00362714 /* Debug */ = {
			isa = XCBuildConfiguration;
			buildSettings = {
				ALWAYS_SEARCH_USER_PATHS = NO;
				CLANG_ANALYZER_NONNULL = YES;
				CLANG_ANALYZER_NUMBER_OBJECT_CONVERSION = YES_AGGRESSIVE;
				CLANG_CXX_LANGUAGE_STANDARD = "gnu++17";
				CLANG_CXX_LIBRARY = "libc++";
				CLANG_ENABLE_MODULES = YES;
				CLANG_ENABLE_OBJC_ARC = YES;
				CLANG_ENABLE_OBJC_WEAK = YES;
				CLANG_WARN_BLOCK_CAPTURE_AUTORELEASING = YES;
				CLANG_WARN_BOOL_CONVERSION = YES;
				CLANG_WARN_COMMA = YES;
				CLANG_WARN_CONSTANT_CONVERSION = YES;
				CLANG_WARN_DEPRECATED_OBJC_IMPLEMENTATIONS = YES;
				CLANG_WARN_DIRECT_OBJC_ISA_USAGE = YES_ERROR;
				CLANG_WARN_DOCUMENTATION_COMMENTS = YES;
				CLANG_WARN_EMPTY_BODY = YES;
				CLANG_WARN_ENUM_CONVERSION = YES;
				CLANG_WARN_INFINITE_RECURSION = YES;
				CLANG_WARN_INT_CONVERSION = YES;
				CLANG_WARN_NON_LITERAL_NULL_CONVERSION = YES;
				CLANG_WARN_OBJC_IMPLICIT_RETAIN_SELF = YES;
				CLANG_WARN_OBJC_LITERAL_CONVERSION = YES;
				CLANG_WARN_OBJC_ROOT_CLASS = YES_ERROR;
				CLANG_WARN_QUOTED_INCLUDE_IN_FRAMEWORK_HEADER = YES;
				CLANG_WARN_RANGE_LOOP_ANALYSIS = YES;
				CLANG_WARN_STRICT_PROTOTYPES = YES;
				CLANG_WARN_SUSPICIOUS_MOVE = YES;
				CLANG_WARN_UNGUARDED_AVAILABILITY = YES_AGGRESSIVE;
				CLANG_WARN_UNREACHABLE_CODE = YES;
				CLANG_WARN__DUPLICATE_METHOD_MATCH = YES;
				COPY_PHASE_STRIP = NO;
				DEBUG_INFORMATION_FORMAT = dwarf;
				ENABLE_STRICT_OBJC_MSGSEND = YES;
				ENABLE_TESTABILITY = YES;
				GCC_C_LANGUAGE_STANDARD = gnu11;
				GCC_DYNAMIC_NO_PIC = NO;
				GCC_NO_COMMON_BLOCKS = YES;
				GCC_OPTIMIZATION_LEVEL = 0;
				GCC_PREPROCESSOR_DEFINITIONS = (
					"DEBUG=1",
					"$(inherited)",
				);
				GCC_WARN_64_TO_32_BIT_CONVERSION = YES;
				GCC_WARN_ABOUT_RETURN_TYPE = YES_ERROR;
				GCC_WARN_UNDECLARED_SELECTOR = YES;
				GCC_WARN_UNINITIALIZED_AUTOS = YES_AGGRESSIVE;
				GCC_WARN_UNUSED_FUNCTION = YES;
				GCC_WARN_UNUSED_VARIABLE = YES;
				IPHONEOS_DEPLOYMENT_TARGET = 13.0;
				MTL_ENABLE_DEBUG_INFO = INCLUDE_SOURCE;
				MTL_FAST_MATH = YES;
				ONLY_ACTIVE_ARCH = YES;
				SDKROOT = iphoneos;
				SWIFT_ACTIVE_COMPILATION_CONDITIONS = DEBUG;
				SWIFT_OPTIMIZATION_LEVEL = "-Onone";
			};
			name = Debug;
		};
		5CB1CCF52771357E00362714 /* Release */ = {
			isa = XCBuildConfiguration;
			buildSettings = {
				ALWAYS_SEARCH_USER_PATHS = NO;
				CLANG_ANALYZER_NONNULL = YES;
				CLANG_ANALYZER_NUMBER_OBJECT_CONVERSION = YES_AGGRESSIVE;
				CLANG_CXX_LANGUAGE_STANDARD = "gnu++17";
				CLANG_CXX_LIBRARY = "libc++";
				CLANG_ENABLE_MODULES = YES;
				CLANG_ENABLE_OBJC_ARC = YES;
				CLANG_ENABLE_OBJC_WEAK = YES;
				CLANG_WARN_BLOCK_CAPTURE_AUTORELEASING = YES;
				CLANG_WARN_BOOL_CONVERSION = YES;
				CLANG_WARN_COMMA = YES;
				CLANG_WARN_CONSTANT_CONVERSION = YES;
				CLANG_WARN_DEPRECATED_OBJC_IMPLEMENTATIONS = YES;
				CLANG_WARN_DIRECT_OBJC_ISA_USAGE = YES_ERROR;
				CLANG_WARN_DOCUMENTATION_COMMENTS = YES;
				CLANG_WARN_EMPTY_BODY = YES;
				CLANG_WARN_ENUM_CONVERSION = YES;
				CLANG_WARN_INFINITE_RECURSION = YES;
				CLANG_WARN_INT_CONVERSION = YES;
				CLANG_WARN_NON_LITERAL_NULL_CONVERSION = YES;
				CLANG_WARN_OBJC_IMPLICIT_RETAIN_SELF = YES;
				CLANG_WARN_OBJC_LITERAL_CONVERSION = YES;
				CLANG_WARN_OBJC_ROOT_CLASS = YES_ERROR;
				CLANG_WARN_QUOTED_INCLUDE_IN_FRAMEWORK_HEADER = YES;
				CLANG_WARN_RANGE_LOOP_ANALYSIS = YES;
				CLANG_WARN_STRICT_PROTOTYPES = YES;
				CLANG_WARN_SUSPICIOUS_MOVE = YES;
				CLANG_WARN_UNGUARDED_AVAILABILITY = YES_AGGRESSIVE;
				CLANG_WARN_UNREACHABLE_CODE = YES;
				CLANG_WARN__DUPLICATE_METHOD_MATCH = YES;
				COPY_PHASE_STRIP = NO;
				DEBUG_INFORMATION_FORMAT = "dwarf-with-dsym";
				ENABLE_NS_ASSERTIONS = NO;
				ENABLE_STRICT_OBJC_MSGSEND = YES;
				GCC_C_LANGUAGE_STANDARD = gnu11;
				GCC_NO_COMMON_BLOCKS = YES;
				GCC_WARN_64_TO_32_BIT_CONVERSION = YES;
				GCC_WARN_ABOUT_RETURN_TYPE = YES_ERROR;
				GCC_WARN_UNDECLARED_SELECTOR = YES;
				GCC_WARN_UNINITIALIZED_AUTOS = YES_AGGRESSIVE;
				GCC_WARN_UNUSED_FUNCTION = YES;
				GCC_WARN_UNUSED_VARIABLE = YES;
				IPHONEOS_DEPLOYMENT_TARGET = 13.0;
				MTL_ENABLE_DEBUG_INFO = NO;
				MTL_FAST_MATH = YES;
				SDKROOT = iphoneos;
				SWIFT_COMPILATION_MODE = wholemodule;
				SWIFT_OPTIMIZATION_LEVEL = "-O";
				VALIDATE_PRODUCT = YES;
			};
			name = Release;
		};
		5CB1CCF72771357E00362714 /* Debug */ = {
			isa = XCBuildConfiguration;
			baseConfigurationReference = E6E40C99DC562A4BAA4ED15D /* Pods-TwitterClone.debug.xcconfig */;
			buildSettings = {
				ASSETCATALOG_COMPILER_APPICON_NAME = AppIcon;
				ASSETCATALOG_COMPILER_GLOBAL_ACCENT_COLOR_NAME = AccentColor;
				CODE_SIGN_STYLE = Automatic;
				CURRENT_PROJECT_VERSION = 1;
				GENERATE_INFOPLIST_FILE = YES;
				INFOPLIST_FILE = TwitterClone/Info.plist;
				INFOPLIST_KEY_UIApplicationSupportsIndirectInputEvents = YES;
				INFOPLIST_KEY_UILaunchStoryboardName = LaunchScreen;
				INFOPLIST_KEY_UISupportedInterfaceOrientations_iPad = "UIInterfaceOrientationPortrait UIInterfaceOrientationPortraitUpsideDown UIInterfaceOrientationLandscapeLeft UIInterfaceOrientationLandscapeRight";
				INFOPLIST_KEY_UISupportedInterfaceOrientations_iPhone = "UIInterfaceOrientationPortrait UIInterfaceOrientationLandscapeLeft UIInterfaceOrientationLandscapeRight";
				LD_RUNPATH_SEARCH_PATHS = (
					"$(inherited)",
					"@executable_path/Frameworks",
				);
				MARKETING_VERSION = 1.0;
				PRODUCT_BUNDLE_IDENTIFIER = com.wicked.TwitterClone;
				PRODUCT_NAME = "$(TARGET_NAME)";
				SWIFT_EMIT_LOC_STRINGS = YES;
				SWIFT_VERSION = 5.0;
				TARGETED_DEVICE_FAMILY = "1,2";
			};
			name = Debug;
		};
		5CB1CCF82771357E00362714 /* Release */ = {
			isa = XCBuildConfiguration;
			baseConfigurationReference = EF4298400E5FAC8065BE8AC7 /* Pods-TwitterClone.release.xcconfig */;
			buildSettings = {
				ASSETCATALOG_COMPILER_APPICON_NAME = AppIcon;
				ASSETCATALOG_COMPILER_GLOBAL_ACCENT_COLOR_NAME = AccentColor;
				CODE_SIGN_STYLE = Automatic;
				CURRENT_PROJECT_VERSION = 1;
				GENERATE_INFOPLIST_FILE = YES;
				INFOPLIST_FILE = TwitterClone/Info.plist;
				INFOPLIST_KEY_UIApplicationSupportsIndirectInputEvents = YES;
				INFOPLIST_KEY_UILaunchStoryboardName = LaunchScreen;
				INFOPLIST_KEY_UISupportedInterfaceOrientations_iPad = "UIInterfaceOrientationPortrait UIInterfaceOrientationPortraitUpsideDown UIInterfaceOrientationLandscapeLeft UIInterfaceOrientationLandscapeRight";
				INFOPLIST_KEY_UISupportedInterfaceOrientations_iPhone = "UIInterfaceOrientationPortrait UIInterfaceOrientationLandscapeLeft UIInterfaceOrientationLandscapeRight";
				LD_RUNPATH_SEARCH_PATHS = (
					"$(inherited)",
					"@executable_path/Frameworks",
				);
				MARKETING_VERSION = 1.0;
				PRODUCT_BUNDLE_IDENTIFIER = com.wicked.TwitterClone;
				PRODUCT_NAME = "$(TARGET_NAME)";
				SWIFT_EMIT_LOC_STRINGS = YES;
				SWIFT_VERSION = 5.0;
				TARGETED_DEVICE_FAMILY = "1,2";
			};
			name = Release;
		};
/* End XCBuildConfiguration section */

/* Begin XCConfigurationList section */
		5CB1CCDD2771357A00362714 /* Build configuration list for PBXProject "TwitterClone" */ = {
			isa = XCConfigurationList;
			buildConfigurations = (
				5CB1CCF42771357E00362714 /* Debug */,
				5CB1CCF52771357E00362714 /* Release */,
			);
			defaultConfigurationIsVisible = 0;
			defaultConfigurationName = Release;
		};
		5CB1CCF62771357E00362714 /* Build configuration list for PBXNativeTarget "TwitterClone" */ = {
			isa = XCConfigurationList;
			buildConfigurations = (
				5CB1CCF72771357E00362714 /* Debug */,
				5CB1CCF82771357E00362714 /* Release */,
			);
			defaultConfigurationIsVisible = 0;
			defaultConfigurationName = Release;
		};
/* End XCConfigurationList section */
	};
	rootObject = 5CB1CCDA2771357A00362714 /* Project object */;
}
